Microsoft Visual Studio Solution File, Format Version 12.00
# Visual Studio Version 17
VisualStudioVersion = 17.5.2.0
MinimumVisualStudioVersion = 10.0.40219.1
Project("{FAE04EC0-301F-11D3-BF4B-00C04F79EFBC}") = "server_net", "server_net\server_net.csproj", "{265DE859-3C14-4840-B379-5CE06CF6B848}"
EndProject
Global
	GlobalSection(SolutionConfigurationPlatforms) = preSolution
		Debug|Any CPU = Debug|Any CPU
		Release|Any CPU = Release|Any CPU
	EndGlobalSection
	GlobalSection(ProjectConfigurationPlatforms) = postSolution
		{265DE859-3C14-4840-B379-5CE06CF6B848}.Debug|Any CPU.ActiveCfg = Debug|Any CPU
		{265DE859-3C14-4840-B379-5CE06CF6B848}.Debug|Any CPU.Build.0 = Debug|Any CPU
		{265DE859-3C14-4840-B379-5CE06CF6B848}.Release|Any CPU.ActiveCfg = Release|Any CPU
		{265DE859-3C14-4840-B379-5CE06CF6B848}.Release|Any CPU.Build.0 = Release|Any CPU
	EndGlobalSection
	GlobalSection(SolutionProperties) = preSolution
		HideSolutionNode = FALSE
	EndGlobalSection
	GlobalSection(ExtensibilityGlobals) = postSolution
		SolutionGuid = {41A5013F-735A-417D-9ECA-ED22BAF608CF}
	EndGlobalSection
EndGlobal
